
Microsoft Visual Studio Solution File, Format Version 12.00
# Visual Studio 2013
VisualStudioVersion = 12.0.40629.0
MinimumVisualStudioVersion = 10.0.40219.1
Project("{E24C65DC-7377-472B-9ABA-BC803B73C61A}") = "uc.csdn.net", "http://localhost:53699", "{40185DFE-A7BF-44E4-B8A7-4B71C04F8AF4}"
	ProjectSection(WebsiteProperties) = preProject
		UseIISExpress = "true"
		TargetFrameworkMoniker = ".NETFramework,Version%3Dv4.0"
		Debug.AspNetCompiler.VirtualPath = "/localhost_53699"
		Debug.AspNetCompiler.PhysicalPath = "..\uc.csdn.net\"
		Debug.AspNetCompiler.TargetPath = "PrecompiledWeb\localhost_53699\"
		Debug.AspNetCompiler.Updateable = "true"
		Debug.AspNetCompiler.ForceOverwrite = "true"
		Debug.AspNetCompiler.FixedNames = "false"
		Debug.AspNetCompiler.Debug = "True"
		Release.AspNetCompiler.VirtualPath = "/localhost_53699"
		Release.AspNetCompiler.PhysicalPath = "..\uc.csdn.net\"
		Release.AspNetCompiler.TargetPath = "PrecompiledWeb\localhost_53699\"
		Release.AspNetCompiler.Updateable = "true"
		Release.AspNetCompiler.ForceOverwrite = "true"
		Release.AspNetCompiler.FixedNames = "false"
		Release.AspNetCompiler.Debug = "False"
		SlnRelativePath = "..\uc.csdn.net\"
	EndProjectSection
EndProject
Global
	GlobalSection(SolutionConfigurationPlatforms) = preSolution
		Debug|Any CPU = Debug|Any CPU
	EndGlobalSection
	GlobalSection(ProjectConfigurationPlatforms) = postSolution
		{40185DFE-A7BF-44E4-B8A7-4B71C04F8AF4}.Debug|Any CPU.ActiveCfg = Debug|Any CPU
		{40185DFE-A7BF-44E4-B8A7-4B71C04F8AF4}.Debug|Any CPU.Build.0 = Debug|Any CPU
	EndGlobalSection
	GlobalSection(SolutionProperties) = preSolution
		HideSolutionNode = FALSE
	EndGlobalSection
EndGlobal
